{
  "nodes": {
    "dircolors-solarized": {
      "flake": false,
      "locked": {
        "lastModified": 1723215797,
        "narHash": "sha256-TXtsp+hoqVuMrLc0+aTyHIYIPVwkvjBsEa6Lh2970/E=",
        "owner": "seebi",
        "repo": "dircolors-solarized",
        "rev": "8c361017afb3cadc7cf36d6b94d01b90ae3bc59f",
        "type": "github"
      },
      "original": {
        "owner": "seebi",
        "repo": "dircolors-solarized",
        "type": "github"
      }
    },
    "flake-utils": {
      "inputs": {
        "systems": "systems"
      },
      "locked": {
        "lastModified": 1726560853,
        "narHash": "sha256-X6rJYSESBVr3hBoH0WbKE5KvhPU5bloyZ2L4K60/fPQ=",
        "owner": "numtide",
        "repo": "flake-utils",
        "rev": "c1dfcf08411b08f6b8615f7d8971a2bfa81d5e8a",
        "type": "github"
      },
      "original": {
        "owner": "numtide",
        "repo": "flake-utils",
        "type": "github"
      }
    },
    "flake-utils_2": {
      "inputs": {
        "systems": "systems_2"
      },
      "locked": {
        "lastModified": 1710146030,
        "narHash": "sha256-SZ5L6eA7HJ/nmkzGG7/ISclqe6oZdOZTNoesiInkXPQ=",
        "owner": "numtide",
        "repo": "flake-utils",
        "rev": "b1d9ab70662946ef0850d488da1c9019f3a9752a",
        "type": "github"
      },
      "original": {
        "owner": "numtide",
        "repo": "flake-utils",
        "type": "github"
      }
    },
    "flake-utils_3": {
      "inputs": {
        "systems": "systems_3"
      },
      "locked": {
        "lastModified": 1710146030,
        "narHash": "sha256-SZ5L6eA7HJ/nmkzGG7/ISclqe6oZdOZTNoesiInkXPQ=",
        "owner": "numtide",
        "repo": "flake-utils",
        "rev": "b1d9ab70662946ef0850d488da1c9019f3a9752a",
        "type": "github"
      },
      "original": {
        "owner": "numtide",
        "repo": "flake-utils",
        "type": "github"
      }
    },
    "flake-utils_4": {
      "inputs": {
        "systems": "systems_4"
      },
      "locked": {
        "lastModified": 1710146030,
        "narHash": "sha256-SZ5L6eA7HJ/nmkzGG7/ISclqe6oZdOZTNoesiInkXPQ=",
        "owner": "numtide",
        "repo": "flake-utils",
        "rev": "b1d9ab70662946ef0850d488da1c9019f3a9752a",
        "type": "github"
      },
      "original": {
        "owner": "numtide",
        "repo": "flake-utils",
        "type": "github"
      }
    },
    "fzf-pass": {
      "flake": false,
      "locked": {
        "lastModified": 1717741672,
        "narHash": "sha256-cda6H+IqY9oJFaFtOLu8bAc5xpZ5FdMFCX052agt1oA=",
        "owner": "cprussin",
        "repo": "fzf-pass",
        "rev": "a220a60120d371209ec0225366426cf7f42f4aee",
        "type": "github"
      },
      "original": {
        "owner": "cprussin",
        "repo": "fzf-pass",
        "type": "github"
      }
    },
    "gmail-new-mail-counter": {
      "inputs": {
        "flake-utils": "flake-utils_2",
        "mkCli": "mkCli",
        "nixpkgs": "nixpkgs_2"
      },
      "locked": {
        "lastModified": 1720136256,
        "narHash": "sha256-2lqJvRTz1+DgZ5UP0IsB73SwkBFNaAYZVfp+RwyMWMc=",
        "owner": "cprussin",
        "repo": "gmail-new-mail-counter",
        "rev": "4bcef89e4618313b8e87d4fd9ef2dd0d3c3f79ba",
        "type": "github"
      },
      "original": {
        "owner": "cprussin",
        "repo": "gmail-new-mail-counter",
        "type": "github"
      }
    },
    "gpg-key": {
      "flake": false,
      "locked": {
        "narHash": "sha256-ox6fm8aYufp1Kct713dc9dRGMtzqGkUcq9DEdzyCiRo=",
        "type": "file",
        "url": "https://connor.prussin.net/pubkey.asc"
      },
      "original": {
        "type": "file",
        "url": "https://connor.prussin.net/pubkey.asc"
      }
    },
    "home-manager": {
      "inputs": {
        "nixpkgs": [
          "nixpkgs"
        ]
      },
      "locked": {
        "lastModified": 1726989464,
        "narHash": "sha256-Vl+WVTJwutXkimwGprnEtXc/s/s8sMuXzqXaspIGlwM=",
        "owner": "nix-community",
        "repo": "home-manager",
        "rev": "2f23fa308a7c067e52dfcc30a0758f47043ec176",
        "type": "github"
      },
      "original": {
        "owner": "nix-community",
        "ref": "release-24.05",
        "repo": "home-manager",
        "type": "github"
      }
    },
    "mkCli": {
      "inputs": {
        "flake-utils": "flake-utils_3",
        "nixpkgs": "nixpkgs"
      },
      "locked": {
        "lastModified": 1718314200,
        "narHash": "sha256-LF3cIhaKeolcAS1jLRAiObBV6Tx2cg6SQDwrt7bI4eo=",
        "owner": "cprussin",
        "repo": "mkCli",
        "rev": "cbb77a72dd2dde97a7c48ce2a10d5105e0d7934f",
        "type": "github"
      },
      "original": {
        "owner": "cprussin",
        "repo": "mkCli",
        "type": "github"
      }
    },
    "mkCli_2": {
      "inputs": {
        "flake-utils": "flake-utils_4",
        "nixpkgs": "nixpkgs_3"
      },
      "locked": {
        "lastModified": 1722285416,
        "narHash": "sha256-Yb1NV8zVt9gMnlEni8IFLtLhGkqPDYAoZxi7ZxiZq0A=",
        "owner": "cprussin",
        "repo": "mkCli",
        "rev": "983799699e84d2cb428b65b8f628663bfc82fbb2",
        "type": "github"
      },
      "original": {
        "owner": "cprussin",
        "repo": "mkCli",
        "type": "github"
      }
    },
    "nixos-hardware": {
      "locked": {
        "lastModified": 1729509737,
        "narHash": "sha256-8OHgqz+tFo21h3hg4/GHizFPws+MMzpEru/+62Z0E8c=",
        "owner": "NixOS",
        "repo": "nixos-hardware",
        "rev": "cc2d3c0e060f981905d52337340ee6ec8b8eb037",
        "type": "github"
      },
      "original": {
        "owner": "NixOS",
        "ref": "master",
        "repo": "nixos-hardware",
        "type": "github"
      }
    },
    "nixpkgs": {
      "locked": {
        "lastModified": 1718310279,
        "narHash": "sha256-OfRCrNPMLlElYIUAWIOGAvJ5XDT/WpOXj6Ymfttj6Lk=",
        "owner": "NixOS",
        "repo": "nixpkgs",
        "rev": "5dde575c3c4afb618781387b0db6d1c08a206c92",
        "type": "github"
      },
      "original": {
        "owner": "NixOS",
        "repo": "nixpkgs",
        "type": "github"
      }
    },
    "nixpkgs-master": {
      "locked": {
        "lastModified": 1729525193,
        "narHash": "sha256-UolGeAJO7w+0w8Yb+Sz8zjDbJCMK3uxLFVrSycY0xBg=",
        "owner": "NixOS",
        "repo": "nixpkgs",
        "rev": "ea86438a3fa084bd8e61fda0e2c9d2720ac48cfb",
        "type": "github"
      },
      "original": {
        "owner": "NixOS",
        "repo": "nixpkgs",
        "type": "github"
      }
    },
    "nixpkgs-unstable": {
      "locked": {
        "lastModified": 1729256560,
        "narHash": "sha256-/uilDXvCIEs3C9l73JTACm4quuHUsIHcns1c+cHUJwA=",
        "owner": "NixOS",
        "repo": "nixpkgs",
        "rev": "4c2fcb090b1f3e5b47eaa7bd33913b574a11e0a0",
        "type": "github"
      },
      "original": {
        "owner": "NixOS",
        "ref": "nixos-unstable",
        "repo": "nixpkgs",
        "type": "github"
      }
    },
    "nixpkgs_2": {
      "locked": {
        "lastModified": 1719254875,
        "narHash": "sha256-ECni+IkwXjusHsm9Sexdtq8weAq/yUyt1TWIemXt3Ko=",
        "owner": "NixOS",
        "repo": "nixpkgs",
        "rev": "2893f56de08021cffd9b6b6dfc70fd9ccd51eb60",
        "type": "github"
      },
      "original": {
        "owner": "NixOS",
        "ref": "nixos-unstable",
        "repo": "nixpkgs",
        "type": "github"
      }
    },
    "nixpkgs_3": {
      "locked": {
        "lastModified": 1718310279,
        "narHash": "sha256-OfRCrNPMLlElYIUAWIOGAvJ5XDT/WpOXj6Ymfttj6Lk=",
        "owner": "NixOS",
        "repo": "nixpkgs",
        "rev": "5dde575c3c4afb618781387b0db6d1c08a206c92",
        "type": "github"
      },
      "original": {
        "owner": "NixOS",
        "repo": "nixpkgs",
        "type": "github"
      }
    },
    "nixpkgs_4": {
      "locked": {
        "lastModified": 1729307008,
        "narHash": "sha256-QUvb6epgKi9pCu9CttRQW4y5NqJ+snKr1FZpG/x3Wtc=",
        "owner": "NixOS",
        "repo": "nixpkgs",
        "rev": "a9b86fc2290b69375c5542b622088eb6eca2a7c3",
        "type": "github"
      },
      "original": {
        "owner": "NixOS",
        "ref": "nixos-24.05",
        "repo": "nixpkgs",
        "type": "github"
      }
    },
    "notify-send": {
      "flake": false,
      "locked": {
        "lastModified": 1646324558,
        "narHash": "sha256-p0Q+aYJb8OqmZiQGf95/aUMHWA7QF52epNFWki3ekXg=",
        "owner": "vlevit",
        "repo": "notify-send.sh",
        "rev": "2bac09be65e6007c77e82710bfd9c22189d731d8",
        "type": "github"
      },
      "original": {
        "owner": "vlevit",
        "repo": "notify-send.sh",
        "type": "github"
      }
    },
    "root": {
      "inputs": {
        "dircolors-solarized": "dircolors-solarized",
        "flake-utils": "flake-utils",
        "fzf-pass": "fzf-pass",
        "gmail-new-mail-counter": "gmail-new-mail-counter",
        "gpg-key": "gpg-key",
        "home-manager": "home-manager",
        "mkCli": "mkCli_2",
        "nixos-hardware": "nixos-hardware",
        "nixpkgs": "nixpkgs_4",
        "nixpkgs-master": "nixpkgs-master",
        "nixpkgs-unstable": "nixpkgs-unstable",
        "notify-send": "notify-send",
        "zoom-frm": "zoom-frm"
      }
    },
    "systems": {
      "locked": {
        "lastModified": 1681028828,
        "narHash": "sha256-Vy1rq5AaRuLzOxct8nz4T6wlgyUR7zLU309k9mBC768=",
        "owner": "nix-systems",
        "repo": "default",
        "rev": "da67096a3b9bf56a91d16901293e51ba5b49a27e",
        "type": "github"
      },
      "original": {
        "owner": "nix-systems",
        "repo": "default",
        "type": "github"
      }
    },
    "systems_2": {
      "locked": {
        "lastModified": 1681028828,
        "narHash": "sha256-Vy1rq5AaRuLzOxct8nz4T6wlgyUR7zLU309k9mBC768=",
        "owner": "nix-systems",
        "repo": "default",
        "rev": "da67096a3b9bf56a91d16901293e51ba5b49a27e",
        "type": "github"
      },
      "original": {
        "owner": "nix-systems",
        "repo": "default",
        "type": "github"
      }
    },
    "systems_3": {
      "locked": {
        "lastModified": 1681028828,
        "narHash": "sha256-Vy1rq5AaRuLzOxct8nz4T6wlgyUR7zLU309k9mBC768=",
        "owner": "nix-systems",
        "repo": "default",
        "rev": "da67096a3b9bf56a91d16901293e51ba5b49a27e",
        "type": "github"
      },
      "original": {
        "owner": "nix-systems",
        "repo": "default",
        "type": "github"
      }
    },
    "systems_4": {
      "locked": {
        "lastModified": 1681028828,
        "narHash": "sha256-Vy1rq5AaRuLzOxct8nz4T6wlgyUR7zLU309k9mBC768=",
        "owner": "nix-systems",
        "repo": "default",
        "rev": "da67096a3b9bf56a91d16901293e51ba5b49a27e",
        "type": "github"
      },
      "original": {
        "owner": "nix-systems",
        "repo": "default",
        "type": "github"
      }
    },
    "zoom-frm": {
      "flake": false,
      "locked": {
        "lastModified": 1533442465,
        "narHash": "sha256-/mE/SRmfYeP8sQ234vZVqQ4OVH09UXgUlf88ecDxy1Q=",
        "owner": "cprussin",
        "repo": "zoom-frm",
        "rev": "08dd33d2518f4f9a90c804e09baac1db74ffa58f",
        "type": "github"
      },
      "original": {
        "owner": "cprussin",
        "repo": "zoom-frm",
        "type": "github"
      }
    }
  },
  "root": "root",
  "version": 7
}
